
Microsoft Visual Studio Solution File, Format Version 12.00
# Visual Studio Version 17
VisualStudioVersion = 17.0.32014.148
MinimumVisualStudioVersion = 10.0.40219.1
Project("{FAE04EC0-301F-11D3-BF4B-00C04F79EFBC}") = "OnlineKurs", "OnlineKurs.csproj", "{C0385CBB-F30A-4579-8295-AA37524DEB7F}"
EndProject
Global
	GlobalSection(SolutionConfigurationPlatforms) = preSolution
		Debug|Any CPU = Debug|Any CPU
		Release|Any CPU = Release|Any CPU
	EndGlobalSection
	GlobalSection(ProjectConfigurationPlatforms) = postSolution
		{C0385CBB-F30A-4579-8295-AA37524DEB7F}.Debug|Any CPU.ActiveCfg = Debug|Any CPU
		{C0385CBB-F30A-4579-8295-AA37524DEB7F}.Debug|Any CPU.Build.0 = Debug|Any CPU
		{C0385CBB-F30A-4579-8295-AA37524DEB7F}.Release|Any CPU.ActiveCfg = Release|Any CPU
		{C0385CBB-F30A-4579-8295-AA37524DEB7F}.Release|Any CPU.Build.0 = Release|Any CPU
	EndGlobalSection
	GlobalSection(SolutionProperties) = preSolution
		HideSolutionNode = FALSE
	EndGlobalSection
	GlobalSection(ExtensibilityGlobals) = postSolution
		SolutionGuid = {98511624-635A-4632-8801-33B1D78563CE}
	EndGlobalSection
EndGlobal
